{
  "version": 4,
  "terraform_version": "1.13.4",
  "serial": 42,
  "lineage": "be20036f-6f96-2b3d-8e4b-ceeba441be54",
  "outputs": {
    "nginx_url": {
      "value": "https://testnamespacejwwv46hi-my-simple-nginx.functions.fnc.pl-waw.scw.cloud",
      "type": "string"
    }
  },
  "resources": [
    {
      "mode": "managed",
      "type": "scaleway_container",
      "name": "nginx_web_server",
      "provider": "provider[\"registry.terraform.io/scaleway/scaleway\"]",
      "instances": [
        {
          "schema_version": 0,
          "attributes": {
            "args": null,
            "command": null,
            "cpu_limit": 1000,
            "cron_status": "created",
            "deploy": false,
            "description": "",
            "domain_name": "testnamespacejwwv46hi-my-simple-nginx.functions.fnc.pl-waw.scw.cloud",
            "environment_variables": {},
            "error_message": "",
            "health_check": [
              {
                "failure_threshold": 30,
                "http": [],
                "interval": "10s"
              }
            ],
            "http_option": "enabled",
            "id": "pl-waw/89443c43-e2e8-4e00-8c41-77ea991127ea",
            "local_storage_limit": 1000,
            "max_concurrency": 50,
            "max_scale": 5,
            "memory_limit": 2048,
            "min_scale": 1,
            "name": "my-simple-nginx",
            "namespace_id": "pl-waw/7ebb5ff8-5ec7-44b0-8e41-ce20846d34b8",
            "port": 80,
            "privacy": "public",
            "private_network_id": "",
            "protocol": "http1",
            "region": "pl-waw",
            "registry_image": "nginx:latest",
            "registry_sha256": null,
            "sandbox": "v2",
            "scaling_option": [
              {
                "concurrent_requests_threshold": 50,
                "cpu_usage_threshold": 0,
                "memory_usage_threshold": 0
              }
            ],
            "secret_environment_variables": null,
            "status": "created",
            "tags": null,
            "timeout": 300,
            "timeouts": null
          },
          "sensitive_attributes": [
            [
              {
                "type": "get_attr",
                "value": "secret_environment_variables"
              }
            ]
          ],
          "identity_schema_version": 0,
          "private": "eyJlMmJmYjczMC1lY2FhLTExZTYtOGY4OC0zNDM2M2JjN2M0YzAiOnsiY3JlYXRlIjo3NTAwMDAwMDAwMDAsImRlZmF1bHQiOjc1MDAwMDAwMDAwMCwiZGVsZXRlIjo3NTAwMDAwMDAwMDAsInJlYWQiOjc1MDAwMDAwMDAwMCwidXBkYXRlIjo3NTAwMDAwMDAwMDB9fQ==",
          "dependencies": [
            "scaleway_container_namespace.example_namespace"
          ]
        }
      ]
    },
    {
      "mode": "managed",
      "type": "scaleway_container_namespace",
      "name": "example_namespace",
      "provider": "provider[\"registry.terraform.io/scaleway/scaleway\"]",
      "instances": [
        {
          "schema_version": 0,
          "attributes": {
            "activate_vpc_integration": true,
            "description": "Namespace for my simple NGINX example",
            "destroy_registry": false,
            "environment_variables": null,
            "id": "pl-waw/7ebb5ff8-5ec7-44b0-8e41-ce20846d34b8",
            "name": "test-namespace",
            "organization_id": "7be040c9-259f-4ed1-8847-15fc963bd144",
            "project_id": "0800accf-9d27-4bea-9f6e-5ebe8d4e9e6f",
            "region": "pl-waw",
            "registry_endpoint": "rg.pl-waw.scw.cloud/funcscwtestnamespacejwwv46hi",
            "registry_namespace_id": "a8868966-2203-4410-8d28-3593160b1ba8",
            "secret_environment_variables": null,
            "tags": null,
            "timeouts": null
          },
          "sensitive_attributes": [
            [
              {
                "type": "get_attr",
                "value": "secret_environment_variables"
              }
            ]
          ],
          "identity_schema_version": 0,
          "private": "eyJlMmJmYjczMC1lY2FhLTExZTYtOGY4OC0zNDM2M2JjN2M0YzAiOnsiY3JlYXRlIjozMDAwMDAwMDAwMDAsImRlZmF1bHQiOjMwMDAwMDAwMDAwMCwiZGVsZXRlIjozMDAwMDAwMDAwMDAsInJlYWQiOjMwMDAwMDAwMDAwMCwidXBkYXRlIjozMDAwMDAwMDAwMDB9fQ=="
        }
      ]
    }
  ],
  "check_results": null
}
