{
  "version": 4,
  "terraform_version": "1.13.4",
  "serial": 48,
  "lineage": "be20036f-6f96-2b3d-8e4b-ceeba441be54",
  "outputs": {},
  "resources": [
    {
      "mode": "managed",
      "type": "scaleway_container",
      "name": "spring_api_container",
      "provider": "provider[\"registry.terraform.io/scaleway/scaleway\"]",
      "instances": [
        {
          "schema_version": 0,
          "attributes": {
            "args": null,
            "command": null,
            "cpu_limit": 250,
            "cron_status": "created",
            "deploy": false,
            "description": "",
            "domain_name": "testnamespaceeia1xjtx-spring-boot-api.functions.fnc.pl-waw.scw.cloud",
            "environment_variables": {},
            "error_message": "",
            "health_check": [
              {
                "failure_threshold": 30,
                "http": [],
                "interval": "10s"
              }
            ],
            "http_option": "enabled",
            "id": "pl-waw/16262db8-9266-4714-8c4c-3ea99c7836a0",
            "local_storage_limit": 1000,
            "max_concurrency": 50,
            "max_scale": 2,
            "memory_limit": 512,
            "min_scale": 1,
            "name": "spring-boot-api",
            "namespace_id": "pl-waw/7e8ad591-fca2-4e76-80b8-be7c7b3386d3",
            "port": 8080,
            "privacy": "public",
            "private_network_id": "",
            "protocol": "http1",
            "region": "pl-waw",
            "registry_image": "rg.pl-waw.scw.cloud/test-namespace/app:latest",
            "registry_sha256": null,
            "sandbox": "v2",
            "scaling_option": [
              {
                "concurrent_requests_threshold": 50,
                "cpu_usage_threshold": 0,
                "memory_usage_threshold": 0
              }
            ],
            "secret_environment_variables": null,
            "status": "created",
            "tags": null,
            "timeout": 300,
            "timeouts": null
          },
          "sensitive_attributes": [
            [
              {
                "type": "get_attr",
                "value": "secret_environment_variables"
              }
            ]
          ],
          "identity_schema_version": 0,
          "private": "eyJlMmJmYjczMC1lY2FhLTExZTYtOGY4OC0zNDM2M2JjN2M0YzAiOnsiY3JlYXRlIjo3NTAwMDAwMDAwMDAsImRlZmF1bHQiOjc1MDAwMDAwMDAwMCwiZGVsZXRlIjo3NTAwMDAwMDAwMDAsInJlYWQiOjc1MDAwMDAwMDAwMCwidXBkYXRlIjo3NTAwMDAwMDAwMDB9fQ==",
          "dependencies": [
            "scaleway_container_namespace.example_namespace"
          ]
        }
      ]
    },
    {
      "mode": "managed",
      "type": "scaleway_container_namespace",
      "name": "example_namespace",
      "provider": "provider[\"registry.terraform.io/scaleway/scaleway\"]",
      "instances": [
        {
          "schema_version": 0,
          "attributes": {
            "activate_vpc_integration": true,
            "description": "Spring app test",
            "destroy_registry": false,
            "environment_variables": null,
            "id": "pl-waw/7e8ad591-fca2-4e76-80b8-be7c7b3386d3",
            "name": "test-namespace",
            "organization_id": "7be040c9-259f-4ed1-8847-15fc963bd144",
            "project_id": "0800accf-9d27-4bea-9f6e-5ebe8d4e9e6f",
            "region": "pl-waw",
            "registry_endpoint": "rg.pl-waw.scw.cloud/funcscwtestnamespaceeia1xjtx",
            "registry_namespace_id": "d0574902-e2d7-4f3c-a784-32211bdaa063",
            "secret_environment_variables": null,
            "tags": null,
            "timeouts": null
          },
          "sensitive_attributes": [
            [
              {
                "type": "get_attr",
                "value": "secret_environment_variables"
              }
            ]
          ],
          "identity_schema_version": 0,
          "private": "eyJlMmJmYjczMC1lY2FhLTExZTYtOGY4OC0zNDM2M2JjN2M0YzAiOnsiY3JlYXRlIjozMDAwMDAwMDAwMDAsImRlZmF1bHQiOjMwMDAwMDAwMDAwMCwiZGVsZXRlIjozMDAwMDAwMDAwMDAsInJlYWQiOjMwMDAwMDAwMDAwMCwidXBkYXRlIjozMDAwMDAwMDAwMDB9fQ=="
        }
      ]
    }
  ],
  "check_results": null
}
